
Microsoft Visual Studio Solution File, Format Version 12.00
# Visual Studio 15
VisualStudioVersion = 15.0.28307.705
MinimumVisualStudioVersion = 10.0.40219.1
Project("{FAE04EC0-301F-11D3-BF4B-00C04F79EFBC}") = "CDIO4", "CDIO4\CDIO4.csproj", "{381887B9-D6F8-4D7F-AA95-0CAD956873B9}"
EndProject
Project("{FAE04EC0-301F-11D3-BF4B-00C04F79EFBC}") = "CDIO4.Tests", "CDIO4.Tests\CDIO4.Tests.csproj", "{435CEAF0-3944-4777-AEA3-F8B8AFA4AA1D}"
EndProject
Project("{FAE04EC0-301F-11D3-BF4B-00C04F79EFBC}") = "Model", "Model\Model.csproj", "{435FCDAB-634E-4B10-B39D-487A58BF9FA3}"
EndProject
Project("{FAE04EC0-301F-11D3-BF4B-00C04F79EFBC}") = "Common", "ClassLibrary1\Common.csproj", "{1A34B4F0-867D-4ED7-A140-4EB6D3F32AB7}"
EndProject
Global
	GlobalSection(SolutionConfigurationPlatforms) = preSolution
		Debug|Any CPU = Debug|Any CPU
		Release|Any CPU = Release|Any CPU
	EndGlobalSection
	GlobalSection(ProjectConfigurationPlatforms) = postSolution
		{381887B9-D6F8-4D7F-AA95-0CAD956873B9}.Debug|Any CPU.ActiveCfg = Debug|Any CPU
		{381887B9-D6F8-4D7F-AA95-0CAD956873B9}.Debug|Any CPU.Build.0 = Debug|Any CPU
		{381887B9-D6F8-4D7F-AA95-0CAD956873B9}.Release|Any CPU.ActiveCfg = Release|Any CPU
		{381887B9-D6F8-4D7F-AA95-0CAD956873B9}.Release|Any CPU.Build.0 = Release|Any CPU
		{435CEAF0-3944-4777-AEA3-F8B8AFA4AA1D}.Debug|Any CPU.ActiveCfg = Debug|Any CPU
		{435CEAF0-3944-4777-AEA3-F8B8AFA4AA1D}.Debug|Any CPU.Build.0 = Debug|Any CPU
		{435CEAF0-3944-4777-AEA3-F8B8AFA4AA1D}.Release|Any CPU.ActiveCfg = Release|Any CPU
		{435CEAF0-3944-4777-AEA3-F8B8AFA4AA1D}.Release|Any CPU.Build.0 = Release|Any CPU
		{435FCDAB-634E-4B10-B39D-487A58BF9FA3}.Debug|Any CPU.ActiveCfg = Debug|Any CPU
		{435FCDAB-634E-4B10-B39D-487A58BF9FA3}.Debug|Any CPU.Build.0 = Debug|Any CPU
		{435FCDAB-634E-4B10-B39D-487A58BF9FA3}.Release|Any CPU.ActiveCfg = Release|Any CPU
		{435FCDAB-634E-4B10-B39D-487A58BF9FA3}.Release|Any CPU.Build.0 = Release|Any CPU
		{1A34B4F0-867D-4ED7-A140-4EB6D3F32AB7}.Debug|Any CPU.ActiveCfg = Debug|Any CPU
		{1A34B4F0-867D-4ED7-A140-4EB6D3F32AB7}.Debug|Any CPU.Build.0 = Debug|Any CPU
		{1A34B4F0-867D-4ED7-A140-4EB6D3F32AB7}.Release|Any CPU.ActiveCfg = Release|Any CPU
		{1A34B4F0-867D-4ED7-A140-4EB6D3F32AB7}.Release|Any CPU.Build.0 = Release|Any CPU
	EndGlobalSection
	GlobalSection(SolutionProperties) = preSolution
		HideSolutionNode = FALSE
	EndGlobalSection
	GlobalSection(ExtensibilityGlobals) = postSolution
		SolutionGuid = {93732451-9846-4A0C-B511-79882ED533B4}
	EndGlobalSection
EndGlobal
